
Microsoft Visual Studio Solution File, Format Version 12.00
# Visual Studio Version 17
VisualStudioVersion = 17.0.32014.148
MinimumVisualStudioVersion = 10.0.40219.1
Project("{9A19103F-16F7-4668-BE54-9A1E7A4F7556}") = "RestaurantFinder", "RestaurantFinder\RestaurantFinder.csproj", "{6886C343-C955-43C1-BD58-7FC1E5B07C90}"
EndProject
Project("{9A19103F-16F7-4668-BE54-9A1E7A4F7556}") = "RestaurantFinder.DataAccess", "RestaurantFinder.DataAccess\RestaurantFinder.DataAccess.csproj", "{532B8527-F4B7-41E6-B83E-9926DD91917F}"
EndProject
Project("{FAE04EC0-301F-11D3-BF4B-00C04F79EFBC}") = "RestaurantLibrarys.Entities", "RestaurantLibrarys.Entities\RestaurantLibrarys.Entities.csproj", "{91285CEF-31B7-4CBE-844F-166351AF001C}"
EndProject
Global
	GlobalSection(SolutionConfigurationPlatforms) = preSolution
		Debug|Any CPU = Debug|Any CPU
		Release|Any CPU = Release|Any CPU
	EndGlobalSection
	GlobalSection(ProjectConfigurationPlatforms) = postSolution
		{6886C343-C955-43C1-BD58-7FC1E5B07C90}.Debug|Any CPU.ActiveCfg = Debug|Any CPU
		{6886C343-C955-43C1-BD58-7FC1E5B07C90}.Debug|Any CPU.Build.0 = Debug|Any CPU
		{6886C343-C955-43C1-BD58-7FC1E5B07C90}.Release|Any CPU.ActiveCfg = Release|Any CPU
		{6886C343-C955-43C1-BD58-7FC1E5B07C90}.Release|Any CPU.Build.0 = Release|Any CPU
		{532B8527-F4B7-41E6-B83E-9926DD91917F}.Debug|Any CPU.ActiveCfg = Debug|Any CPU
		{532B8527-F4B7-41E6-B83E-9926DD91917F}.Debug|Any CPU.Build.0 = Debug|Any CPU
		{532B8527-F4B7-41E6-B83E-9926DD91917F}.Release|Any CPU.ActiveCfg = Release|Any CPU
		{532B8527-F4B7-41E6-B83E-9926DD91917F}.Release|Any CPU.Build.0 = Release|Any CPU
		{91285CEF-31B7-4CBE-844F-166351AF001C}.Debug|Any CPU.ActiveCfg = Debug|Any CPU
		{91285CEF-31B7-4CBE-844F-166351AF001C}.Debug|Any CPU.Build.0 = Debug|Any CPU
		{91285CEF-31B7-4CBE-844F-166351AF001C}.Release|Any CPU.ActiveCfg = Release|Any CPU
		{91285CEF-31B7-4CBE-844F-166351AF001C}.Release|Any CPU.Build.0 = Release|Any CPU
	EndGlobalSection
	GlobalSection(SolutionProperties) = preSolution
		HideSolutionNode = FALSE
	EndGlobalSection
	GlobalSection(ExtensibilityGlobals) = postSolution
		SolutionGuid = {5D67C177-99FD-4539-97E3-94D25C1C0185}
	EndGlobalSection
EndGlobal
