
Microsoft Visual Studio Solution File, Format Version 12.00
# Visual Studio Version 17
VisualStudioVersion = 17.0.32014.148
MinimumVisualStudioVersion = 10.0.40219.1
Project("{FAE04EC0-301F-11D3-BF4B-00C04F79EFBC}") = "ShrBankWebApi", "ShrBankWebApi.csproj", "{EEFE9208-B9A7-4A02-8B49-2B296132AF89}"
EndProject
Global
	GlobalSection(SolutionConfigurationPlatforms) = preSolution
		Debug|Any CPU = Debug|Any CPU
		Release|Any CPU = Release|Any CPU
	EndGlobalSection
	GlobalSection(ProjectConfigurationPlatforms) = postSolution
		{EEFE9208-B9A7-4A02-8B49-2B296132AF89}.Debug|Any CPU.ActiveCfg = Debug|Any CPU
		{EEFE9208-B9A7-4A02-8B49-2B296132AF89}.Debug|Any CPU.Build.0 = Debug|Any CPU
		{EEFE9208-B9A7-4A02-8B49-2B296132AF89}.Release|Any CPU.ActiveCfg = Release|Any CPU
		{EEFE9208-B9A7-4A02-8B49-2B296132AF89}.Release|Any CPU.Build.0 = Release|Any CPU
	EndGlobalSection
	GlobalSection(SolutionProperties) = preSolution
		HideSolutionNode = FALSE
	EndGlobalSection
	GlobalSection(ExtensibilityGlobals) = postSolution
		SolutionGuid = {A35557A9-09F7-4451-B435-712E132FC432}
	EndGlobalSection
EndGlobal
